# This file is automatically @generated by pesde.
# It is not intended for manual editing.
format = 2
name = "luau_lint/plugin_api"
version = "0.1.0"
target = "luau"

[graph."luau_lint/core@0.1.0 luau"]
direct = ["core", { workspace = "luau_lint/core", version = "^" }, "standard"]

[graph."luau_lint/core@0.1.0 luau".pkg_ref]
ref_ty = "workspace"
path = "packages/core"
