# This file is automatically @generated by pesde.
# It is not intended for manual editing.
format = 2
name = "luau_lint/workspace"
version = "0.1.0"
target = "luau"

[workspace."luau_lint/cli"]
luau = "packages/cli"

[workspace."luau_lint/config"]
luau = "packages/config"

[workspace."luau_lint/core"]
luau = "packages/core"

[workspace."luau_lint/plugin_api"]
luau = "packages/plugin-api"

[workspace."luau_lint/test_utils"]
luau = "packages/test-utils"
