# This file is automatically @generated by pesde.
# It is not intended for manual editing.
format = 2
name = "luau_lint/cli"
version = "0.1.0"
target = "luau"

[graph."luau_lint/config@0.1.0 luau"]
direct = ["config", { workspace = "luau_lint/config", version = "^" }, "standard"]

[graph."luau_lint/config@0.1.0 luau".pkg_ref]
ref_ty = "workspace"
path = "packages/config"

[graph."luau_lint/core@0.1.0 luau"]
direct = ["core", { workspace = "luau_lint/core", version = "^" }, "standard"]

[graph."luau_lint/core@0.1.0 luau".pkg_ref]
ref_ty = "workspace"
path = "packages/core"

[graph."luau_lint/plugin_api@0.1.0 luau"]
direct = ["plugin_api", { workspace = "luau_lint/plugin_api", version = "^" }, "standard"]

[graph."luau_lint/plugin_api@0.1.0 luau".dependencies]
core = ["luau_lint/core@0.1.0 luau", "standard"]

[graph."luau_lint/plugin_api@0.1.0 luau".pkg_ref]
ref_ty = "workspace"
path = "packages/plugin-api"

[graph."luau_lint/plugin_api@0.1.0 luau".pkg_ref.dependencies]
core = [{ workspace = "luau_lint/core", version = "^" }, "standard"]
